
Microsoft Visual Studio Solution File, Format Version 12.00
# Visual Studio Version 17
VisualStudioVersion = 17.5.33530.505
MinimumVisualStudioVersion = 10.0.40219.1
Project("{FAE04EC0-301F-11D3-BF4B-00C04F79EFBC}") = "LetterCount", "LetterCount.csproj", "{8BF7FAC6-7161-4D4B-828F-33399ED617D4}"
EndProject
Global
	GlobalSection(SolutionConfigurationPlatforms) = preSolution
		Debug|Any CPU = Debug|Any CPU
		Release|Any CPU = Release|Any CPU
	EndGlobalSection
	GlobalSection(ProjectConfigurationPlatforms) = postSolution
		{8BF7FAC6-7161-4D4B-828F-33399ED617D4}.Debug|Any CPU.ActiveCfg = Debug|Any CPU
		{8BF7FAC6-7161-4D4B-828F-33399ED617D4}.Debug|Any CPU.Build.0 = Debug|Any CPU
		{8BF7FAC6-7161-4D4B-828F-33399ED617D4}.Release|Any CPU.ActiveCfg = Release|Any CPU
		{8BF7FAC6-7161-4D4B-828F-33399ED617D4}.Release|Any CPU.Build.0 = Release|Any CPU
	EndGlobalSection
	GlobalSection(SolutionProperties) = preSolution
		HideSolutionNode = FALSE
	EndGlobalSection
	GlobalSection(ExtensibilityGlobals) = postSolution
		SolutionGuid = {731C6F22-77BA-448B-927B-CA662B864887}
	EndGlobalSection
EndGlobal
