
Microsoft Visual Studio Solution File, Format Version 12.00
# Visual Studio Version 17
VisualStudioVersion = 17.5.33627.172
MinimumVisualStudioVersion = 10.0.40219.1
Project("{FAE04EC0-301F-11D3-BF4B-00C04F79EFBC}") = "QuizAppWeb.Server", "Server\QuizAppWeb.Server.csproj", "{2BA2D7E6-7D33-466E-9491-52C4BAA9188C}"
EndProject
Project("{FAE04EC0-301F-11D3-BF4B-00C04F79EFBC}") = "QuizAppWeb.Client", "Client\QuizAppWeb.Client.csproj", "{AA54AC74-7766-4E31-9E96-D929A17B5BD4}"
EndProject
Project("{FAE04EC0-301F-11D3-BF4B-00C04F79EFBC}") = "QuizAppWeb.Shared", "Shared\QuizAppWeb.Shared.csproj", "{3FAB98F2-05FC-4A02-896E-B33C8DBD2F1B}"
EndProject
Global
	GlobalSection(SolutionConfigurationPlatforms) = preSolution
		Debug|Any CPU = Debug|Any CPU
		Release|Any CPU = Release|Any CPU
	EndGlobalSection
	GlobalSection(ProjectConfigurationPlatforms) = postSolution
		{2BA2D7E6-7D33-466E-9491-52C4BAA9188C}.Debug|Any CPU.ActiveCfg = Debug|Any CPU
		{2BA2D7E6-7D33-466E-9491-52C4BAA9188C}.Debug|Any CPU.Build.0 = Debug|Any CPU
		{2BA2D7E6-7D33-466E-9491-52C4BAA9188C}.Release|Any CPU.ActiveCfg = Release|Any CPU
		{2BA2D7E6-7D33-466E-9491-52C4BAA9188C}.Release|Any CPU.Build.0 = Release|Any CPU
		{AA54AC74-7766-4E31-9E96-D929A17B5BD4}.Debug|Any CPU.ActiveCfg = Debug|Any CPU
		{AA54AC74-7766-4E31-9E96-D929A17B5BD4}.Debug|Any CPU.Build.0 = Debug|Any CPU
		{AA54AC74-7766-4E31-9E96-D929A17B5BD4}.Release|Any CPU.ActiveCfg = Release|Any CPU
		{AA54AC74-7766-4E31-9E96-D929A17B5BD4}.Release|Any CPU.Build.0 = Release|Any CPU
		{3FAB98F2-05FC-4A02-896E-B33C8DBD2F1B}.Debug|Any CPU.ActiveCfg = Debug|Any CPU
		{3FAB98F2-05FC-4A02-896E-B33C8DBD2F1B}.Debug|Any CPU.Build.0 = Debug|Any CPU
		{3FAB98F2-05FC-4A02-896E-B33C8DBD2F1B}.Release|Any CPU.ActiveCfg = Release|Any CPU
		{3FAB98F2-05FC-4A02-896E-B33C8DBD2F1B}.Release|Any CPU.Build.0 = Release|Any CPU
	EndGlobalSection
	GlobalSection(SolutionProperties) = preSolution
		HideSolutionNode = FALSE
	EndGlobalSection
	GlobalSection(ExtensibilityGlobals) = postSolution
		SolutionGuid = {2D2BC009-7BA8-49C7-880E-CF48F6CE7107}
	EndGlobalSection
EndGlobal
