
Microsoft Visual Studio Solution File, Format Version 12.00
# Visual Studio Version 17
VisualStudioVersion = 17.4.33403.182
MinimumVisualStudioVersion = 10.0.40219.1
Project("{FAE04EC0-301F-11D3-BF4B-00C04F79EFBC}") = "Digit Counter", "Digit Counter.csproj", "{97CDB83E-7CC3-4B02-A960-7647665F9A32}"
EndProject
Global
	GlobalSection(SolutionConfigurationPlatforms) = preSolution
		Debug|Any CPU = Debug|Any CPU
		Release|Any CPU = Release|Any CPU
	EndGlobalSection
	GlobalSection(ProjectConfigurationPlatforms) = postSolution
		{97CDB83E-7CC3-4B02-A960-7647665F9A32}.Debug|Any CPU.ActiveCfg = Debug|Any CPU
		{97CDB83E-7CC3-4B02-A960-7647665F9A32}.Debug|Any CPU.Build.0 = Debug|Any CPU
		{97CDB83E-7CC3-4B02-A960-7647665F9A32}.Release|Any CPU.ActiveCfg = Release|Any CPU
		{97CDB83E-7CC3-4B02-A960-7647665F9A32}.Release|Any CPU.Build.0 = Release|Any CPU
	EndGlobalSection
	GlobalSection(SolutionProperties) = preSolution
		HideSolutionNode = FALSE
	EndGlobalSection
	GlobalSection(ExtensibilityGlobals) = postSolution
		SolutionGuid = {8782DBE9-87AA-4F42-B24E-5EFDCCB59440}
	EndGlobalSection
EndGlobal
