
Microsoft Visual Studio Solution File, Format Version 12.00
# Visual Studio Version 17
VisualStudioVersion = 17.5.33627.172
MinimumVisualStudioVersion = 10.0.40219.1
Project("{FAE04EC0-301F-11D3-BF4B-00C04F79EFBC}") = "VendingMachineRemastered", "VendingMachineRemastered.csproj", "{0CACAE30-609D-4653-8F20-804B0AF8C187}"
EndProject
Global
	GlobalSection(SolutionConfigurationPlatforms) = preSolution
		Debug|Any CPU = Debug|Any CPU
		Release|Any CPU = Release|Any CPU
	EndGlobalSection
	GlobalSection(ProjectConfigurationPlatforms) = postSolution
		{0CACAE30-609D-4653-8F20-804B0AF8C187}.Debug|Any CPU.ActiveCfg = Debug|Any CPU
		{0CACAE30-609D-4653-8F20-804B0AF8C187}.Debug|Any CPU.Build.0 = Debug|Any CPU
		{0CACAE30-609D-4653-8F20-804B0AF8C187}.Release|Any CPU.ActiveCfg = Release|Any CPU
		{0CACAE30-609D-4653-8F20-804B0AF8C187}.Release|Any CPU.Build.0 = Release|Any CPU
	EndGlobalSection
	GlobalSection(SolutionProperties) = preSolution
		HideSolutionNode = FALSE
	EndGlobalSection
	GlobalSection(ExtensibilityGlobals) = postSolution
		SolutionGuid = {24FC7870-134E-4534-8254-D9416FC2C4BC}
	EndGlobalSection
EndGlobal
