
Microsoft Visual Studio Solution File, Format Version 12.00
# Visual Studio Version 17
VisualStudioVersion = 17.3.32901.215
MinimumVisualStudioVersion = 10.0.40219.1
Project("{FAE04EC0-301F-11D3-BF4B-00C04F79EFBC}") = "Perfect Numbers", "Perfect Numbers.csproj", "{6AD5826E-B48A-4CFD-929E-0A3310F37998}"
EndProject
Global
	GlobalSection(SolutionConfigurationPlatforms) = preSolution
		Debug|Any CPU = Debug|Any CPU
		Release|Any CPU = Release|Any CPU
	EndGlobalSection
	GlobalSection(ProjectConfigurationPlatforms) = postSolution
		{6AD5826E-B48A-4CFD-929E-0A3310F37998}.Debug|Any CPU.ActiveCfg = Debug|Any CPU
		{6AD5826E-B48A-4CFD-929E-0A3310F37998}.Debug|Any CPU.Build.0 = Debug|Any CPU
		{6AD5826E-B48A-4CFD-929E-0A3310F37998}.Release|Any CPU.ActiveCfg = Release|Any CPU
		{6AD5826E-B48A-4CFD-929E-0A3310F37998}.Release|Any CPU.Build.0 = Release|Any CPU
	EndGlobalSection
	GlobalSection(SolutionProperties) = preSolution
		HideSolutionNode = FALSE
	EndGlobalSection
	GlobalSection(ExtensibilityGlobals) = postSolution
		SolutionGuid = {14178C56-9517-43FB-A0CA-76658425A032}
	EndGlobalSection
EndGlobal
